
Microsoft Visual Studio Solution File, Format Version 12.00
# Visual Studio 2012
Project("{FAE04EC0-301F-11D3-BF4B-00C04F79EFBC}") = "ActiveDirectory", "ActiveDirectory\ActiveDirectory.csproj", "{77CD3CE5-670D-40B7-9AA9-123C6E33B4AE}"
EndProject
Global
	GlobalSection(TeamFoundationVersionControl) = preSolution
		SccNumberOfProjects = 2
		SccEnterpriseProvider = {4CA58AB2-18FA-4F8D-95D4-32DDF27D184C}
		SccTeamFoundationServer = http://cn-sqltb:8080/tfs/canton%20projects
		SccLocalPath0 = .
		SccProjectUniqueName1 = ActiveDirectory\\ActiveDirectory.csproj
		SccProjectName1 = ActiveDirectory
		SccLocalPath1 = ActiveDirectory
	EndGlobalSection
	GlobalSection(SolutionConfigurationPlatforms) = preSolution
		Debug|Any CPU = Debug|Any CPU
		Release|Any CPU = Release|Any CPU
	EndGlobalSection
	GlobalSection(ProjectConfigurationPlatforms) = postSolution
		{77CD3CE5-670D-40B7-9AA9-123C6E33B4AE}.Debug|Any CPU.ActiveCfg = Debug|Any CPU
		{77CD3CE5-670D-40B7-9AA9-123C6E33B4AE}.Debug|Any CPU.Build.0 = Debug|Any CPU
		{77CD3CE5-670D-40B7-9AA9-123C6E33B4AE}.Release|Any CPU.ActiveCfg = Release|Any CPU
		{77CD3CE5-670D-40B7-9AA9-123C6E33B4AE}.Release|Any CPU.Build.0 = Release|Any CPU
	EndGlobalSection
	GlobalSection(SolutionProperties) = preSolution
		HideSolutionNode = FALSE
	EndGlobalSection
EndGlobal
